// !$*UTF8*$!
{
	archiveVersion = 1;
	classes = {
	};
	objectVersion = 56;
	objects = {

/* Begin PBXBuildFile section */
		CC55BF502BC9028D003C3E15 /* AppDelegate.swift in Sources */ = {isa = PBXBuildFile; fileRef = CC55BF4F2BC9028D003C3E15 /* AppDelegate.swift */; };
		CC55BF522BC9028D003C3E15 /* SceneDelegate.swift in Sources */ = {isa = PBXBuildFile; fileRef = CC55BF512BC9028D003C3E15 /* SceneDelegate.swift */; };
		CC55BF542BC9028D003C3E15 /* ViewController.swift in Sources */ = {isa = PBXBuildFile; fileRef = CC55BF532BC9028D003C3E15 /* ViewController.swift */; };
		CC55BF572BC9028D003C3E15 /* Main.storyboard in Resources */ = {isa = PBXBuildFile; fileRef = CC55BF552BC9028D003C3E15 /* Main.storyboard */; };
		CC55BF592BC9028E003C3E15 /* Assets.xcassets in Resources */ = {isa = PBXBuildFile; fileRef = CC55BF582BC9028E003C3E15 /* Assets.xcassets */; };
		CC55BF5C2BC9028E003C3E15 /* LaunchScreen.storyboard in Resources */ = {isa = PBXBuildFile; fileRef = CC55BF5A2BC9028E003C3E15 /* LaunchScreen.storyboard */; };
		CC55BF652BC90301003C3E15 /* SpeechPresenter.swift in Sources */ = {isa = PBXBuildFile; fileRef = CC55BF642BC90301003C3E15 /* SpeechPresenter.swift */; };
		CC55BF6A2BC9E135003C3E15 /* PaddingLabel.swift in Sources */ = {isa = PBXBuildFile; fileRef = CC55BF692BC9E135003C3E15 /* PaddingLabel.swift */; };
		CC55BFFE2BCF93C3003C3E15 /* cosmos-640.jpg in Resources */ = {isa = PBXBuildFile; fileRef = CC55BFFD2BCF93C3003C3E15 /* cosmos-640.jpg */; };
		CC55C0002BCF96D3003C3E15 /* cosmos-1920.jpg in Resources */ = {isa = PBXBuildFile; fileRef = CC55BFFF2BCF96D3003C3E15 /* cosmos-1920.jpg */; };
/* End PBXBuildFile section */

/* Begin PBXFileReference section */
		CC55BF4C2BC9028D003C3E15 /* ArigatouApp.app */ = {isa = PBXFileReference; explicitFileType = wrapper.application; includeInIndex = 0; path = ArigatouApp.app; sourceTree = BUILT_PRODUCTS_DIR; };
		CC55BF4F2BC9028D003C3E15 /* AppDelegate.swift */ = {isa = PBXFileReference; lastKnownFileType = sourcecode.swift; path = AppDelegate.swift; sourceTree = "<group>"; };
		CC55BF512BC9028D003C3E15 /* SceneDelegate.swift */ = {isa = PBXFileReference; lastKnownFileType = sourcecode.swift; path = SceneDelegate.swift; sourceTree = "<group>"; };
		CC55BF532BC9028D003C3E15 /* ViewController.swift */ = {isa = PBXFileReference; lastKnownFileType = sourcecode.swift; path = ViewController.swift; sourceTree = "<group>"; };
		CC55BF562BC9028D003C3E15 /* Base */ = {isa = PBXFileReference; lastKnownFileType = file.storyboard; name = Base; path = Base.lproj/Main.storyboard; sourceTree = "<group>"; };
		CC55BF582BC9028E003C3E15 /* Assets.xcassets */ = {isa = PBXFileReference; lastKnownFileType = folder.assetcatalog; path = Assets.xcassets; sourceTree = "<group>"; };
		CC55BF5B2BC9028E003C3E15 /* Base */ = {isa = PBXFileReference; lastKnownFileType = file.storyboard; name = Base; path = Base.lproj/LaunchScreen.storyboard; sourceTree = "<group>"; };
		CC55BF5D2BC9028E003C3E15 /* Info.plist */ = {isa = PBXFileReference; lastKnownFileType = text.plist.xml; path = Info.plist; sourceTree = "<group>"; };
		CC55BF642BC90301003C3E15 /* SpeechPresenter.swift */ = {isa = PBXFileReference; lastKnownFileType = sourcecode.swift; path = SpeechPresenter.swift; sourceTree = "<group>"; };
		CC55BF692BC9E135003C3E15 /* PaddingLabel.swift */ = {isa = PBXFileReference; lastKnownFileType = sourcecode.swift; path = PaddingLabel.swift; sourceTree = "<group>"; };
		CC55BFFD2BCF93C3003C3E15 /* cosmos-640.jpg */ = {isa = PBXFileReference; lastKnownFileType = image.jpeg; path = "cosmos-640.jpg"; sourceTree = "<group>"; };
		CC55BFFF2BCF96D3003C3E15 /* cosmos-1920.jpg */ = {isa = PBXFileReference; lastKnownFileType = image.jpeg; path = "cosmos-1920.jpg"; sourceTree = "<group>"; };
/* End PBXFileReference section */

/* Begin PBXFrameworksBuildPhase section */
		CC55BF492BC9028D003C3E15 /* Frameworks */ = {
			isa = PBXFrameworksBuildPhase;
			buildActionMask = 2147483647;
			files = (
			);
			runOnlyForDeploymentPostprocessing = 0;
		};
/* End PBXFrameworksBuildPhase section */

/* Begin PBXGroup section */
		CC55BF432BC9028D003C3E15 = {
			isa = PBXGroup;
			children = (
				CC55BF4E2BC9028D003C3E15 /* ArigatouApp */,
				CC55BF4D2BC9028D003C3E15 /* Products */,
			);
			sourceTree = "<group>";
		};
		CC55BF4D2BC9028D003C3E15 /* Products */ = {
			isa = PBXGroup;
			children = (
				CC55BF4C2BC9028D003C3E15 /* ArigatouApp.app */,
			);
			name = Products;
			sourceTree = "<group>";
		};
		CC55BF4E2BC9028D003C3E15 /* ArigatouApp */ = {
			isa = PBXGroup;
			children = (
				CC55BF6B2BC9F23A003C3E15 /* Resource */,
				CC55BF662BC90347003C3E15 /* View */,
				CC55BF632BC902E4003C3E15 /* Presenter */,
				CC55BF4F2BC9028D003C3E15 /* AppDelegate.swift */,
				CC55BF512BC9028D003C3E15 /* SceneDelegate.swift */,
				CC55BF552BC9028D003C3E15 /* Main.storyboard */,
				CC55BF5A2BC9028E003C3E15 /* LaunchScreen.storyboard */,
				CC55BF5D2BC9028E003C3E15 /* Info.plist */,
			);
			path = ArigatouApp;
			sourceTree = "<group>";
		};
		CC55BF632BC902E4003C3E15 /* Presenter */ = {
			isa = PBXGroup;
			children = (
				CC55BF642BC90301003C3E15 /* SpeechPresenter.swift */,
			);
			path = Presenter;
			sourceTree = "<group>";
		};
		CC55BF662BC90347003C3E15 /* View */ = {
			isa = PBXGroup;
			children = (
				CC55BF532BC9028D003C3E15 /* ViewController.swift */,
				CC55BF692BC9E135003C3E15 /* PaddingLabel.swift */,
			);
			path = View;
			sourceTree = "<group>";
		};
		CC55BF6B2BC9F23A003C3E15 /* Resource */ = {
			isa = PBXGroup;
			children = (
				CC55BFFD2BCF93C3003C3E15 /* cosmos-640.jpg */,
				CC55BFFF2BCF96D3003C3E15 /* cosmos-1920.jpg */,
				CC55BF582BC9028E003C3E15 /* Assets.xcassets */,
			);
			path = Resource;
			sourceTree = "<group>";
		};
/* End PBXGroup section */

/* Begin PBXNativeTarget section */
		CC55BF4B2BC9028D003C3E15 /* ArigatouApp */ = {
			isa = PBXNativeTarget;
			buildConfigurationList = CC55BF602BC9028E003C3E15 /* Build configuration list for PBXNativeTarget "ArigatouApp" */;
			buildPhases = (
				CC55BF482BC9028D003C3E15 /* Sources */,
				CC55BF492BC9028D003C3E15 /* Frameworks */,
				CC55BF4A2BC9028D003C3E15 /* Resources */,
			);
			buildRules = (
			);
			dependencies = (
			);
			name = ArigatouApp;
			productName = ArigatouApp;
			productReference = CC55BF4C2BC9028D003C3E15 /* ArigatouApp.app */;
			productType = "com.apple.product-type.application";
		};
/* End PBXNativeTarget section */

/* Begin PBXProject section */
		CC55BF442BC9028D003C3E15 /* Project object */ = {
			isa = PBXProject;
			attributes = {
				BuildIndependentTargetsInParallel = 1;
				LastSwiftUpdateCheck = 1510;
				LastUpgradeCheck = 1510;
				TargetAttributes = {
					CC55BF4B2BC9028D003C3E15 = {
						CreatedOnToolsVersion = 15.1;
					};
				};
			};
			buildConfigurationList = CC55BF472BC9028D003C3E15 /* Build configuration list for PBXProject "ArigatouApp" */;
			compatibilityVersion = "Xcode 14.0";
			developmentRegion = en;
			hasScannedForEncodings = 0;
			knownRegions = (
				en,
				Base,
			);
			mainGroup = CC55BF432BC9028D003C3E15;
			productRefGroup = CC55BF4D2BC9028D003C3E15 /* Products */;
			projectDirPath = "";
			projectRoot = "";
			targets = (
				CC55BF4B2BC9028D003C3E15 /* ArigatouApp */,
			);
		};
/* End PBXProject section */

/* Begin PBXResourcesBuildPhase section */
		CC55BF4A2BC9028D003C3E15 /* Resources */ = {
			isa = PBXResourcesBuildPhase;
			buildActionMask = 2147483647;
			files = (
				CC55BF5C2BC9028E003C3E15 /* LaunchScreen.storyboard in Resources */,
				CC55BF592BC9028E003C3E15 /* Assets.xcassets in Resources */,
				CC55BFFE2BCF93C3003C3E15 /* cosmos-640.jpg in Resources */,
				CC55BF572BC9028D003C3E15 /* Main.storyboard in Resources */,
				CC55C0002BCF96D3003C3E15 /* cosmos-1920.jpg in Resources */,
			);
			runOnlyForDeploymentPostprocessing = 0;
		};
/* End PBXResourcesBuildPhase section */

/* Begin PBXSourcesBuildPhase section */
		CC55BF482BC9028D003C3E15 /* Sources */ = {
			isa = PBXSourcesBuildPhase;
			buildActionMask = 2147483647;
			files = (
				CC55BF652BC90301003C3E15 /* SpeechPresenter.swift in Sources */,
				CC55BF6A2BC9E135003C3E15 /* PaddingLabel.swift in Sources */,
				CC55BF542BC9028D003C3E15 /* ViewController.swift in Sources */,
				CC55BF502BC9028D003C3E15 /* AppDelegate.swift in Sources */,
				CC55BF522BC9028D003C3E15 /* SceneDelegate.swift in Sources */,
			);
			runOnlyForDeploymentPostprocessing = 0;
		};
/* End PBXSourcesBuildPhase section */

/* Begin PBXVariantGroup section */
		CC55BF552BC9028D003C3E15 /* Main.storyboard */ = {
			isa = PBXVariantGroup;
			children = (
				CC55BF562BC9028D003C3E15 /* Base */,
			);
			name = Main.storyboard;
			sourceTree = "<group>";
		};
		CC55BF5A2BC9028E003C3E15 /* LaunchScreen.storyboard */ = {
			isa = PBXVariantGroup;
			children = (
				CC55BF5B2BC9028E003C3E15 /* Base */,
			);
			name = LaunchScreen.storyboard;
			sourceTree = "<group>";
		};
/* End PBXVariantGroup section */

/* Begin XCBuildConfiguration section */
		CC55BF5E2BC9028E003C3E15 /* Debug */ = {
			isa = XCBuildConfiguration;
			buildSettings = {
				ALWAYS_SEARCH_USER_PATHS = NO;
				ASSETCATALOG_COMPILER_GENERATE_SWIFT_ASSET_SYMBOL_EXTENSIONS = YES;
				CLANG_ANALYZER_NONNULL = YES;
				CLANG_ANALYZER_NUMBER_OBJECT_CONVERSION = YES_AGGRESSIVE;
				CLANG_CXX_LANGUAGE_STANDARD = "gnu++20";
				CLANG_ENABLE_MODULES = YES;
				CLANG_ENABLE_OBJC_ARC = YES;
				CLANG_ENABLE_OBJC_WEAK = YES;
				CLANG_WARN_BLOCK_CAPTURE_AUTORELEASING = YES;
				CLANG_WARN_BOOL_CONVERSION = YES;
				CLANG_WARN_COMMA = YES;
				CLANG_WARN_CONSTANT_CONVERSION = YES;
				CLANG_WARN_DEPRECATED_OBJC_IMPLEMENTATIONS = YES;
				CLANG_WARN_DIRECT_OBJC_ISA_USAGE = YES_ERROR;
				CLANG_WARN_DOCUMENTATION_COMMENTS = YES;
				CLANG_WARN_EMPTY_BODY = YES;
				CLANG_WARN_ENUM_CONVERSION = YES;
				CLANG_WARN_INFINITE_RECURSION = YES;
				CLANG_WARN_INT_CONVERSION = YES;
				CLANG_WARN_NON_LITERAL_NULL_CONVERSION = YES;
				CLANG_WARN_OBJC_IMPLICIT_RETAIN_SELF = YES;
				CLANG_WARN_OBJC_LITERAL_CONVERSION = YES;
				CLANG_WARN_OBJC_ROOT_CLASS = YES_ERROR;
				CLANG_WARN_QUOTED_INCLUDE_IN_FRAMEWORK_HEADER = YES;
				CLANG_WARN_RANGE_LOOP_ANALYSIS = YES;
				CLANG_WARN_STRICT_PROTOTYPES = YES;
				CLANG_WARN_SUSPICIOUS_MOVE = YES;
				CLANG_WARN_UNGUARDED_AVAILABILITY = YES_AGGRESSIVE;
				CLANG_WARN_UNREACHABLE_CODE = YES;
				CLANG_WARN__DUPLICATE_METHOD_MATCH = YES;
				COPY_PHASE_STRIP = NO;
				DEBUG_INFORMATION_FORMAT = dwarf;
				ENABLE_STRICT_OBJC_MSGSEND = YES;
				ENABLE_TESTABILITY = YES;
				ENABLE_USER_SCRIPT_SANDBOXING = YES;
				GCC_C_LANGUAGE_STANDARD = gnu17;
				GCC_DYNAMIC_NO_PIC = NO;
				GCC_NO_COMMON_BLOCKS = YES;
				GCC_OPTIMIZATION_LEVEL = 0;
				GCC_PREPROCESSOR_DEFINITIONS = (
					"DEBUG=1",
					"$(inherited)",
				);
				GCC_WARN_64_TO_32_BIT_CONVERSION = YES;
				GCC_WARN_ABOUT_RETURN_TYPE = YES_ERROR;
				GCC_WARN_UNDECLARED_SELECTOR = YES;
				GCC_WARN_UNINITIALIZED_AUTOS = YES_AGGRESSIVE;
				GCC_WARN_UNUSED_FUNCTION = YES;
				GCC_WARN_UNUSED_VARIABLE = YES;
				IPHONEOS_DEPLOYMENT_TARGET = 17.2;
				LOCALIZATION_PREFERS_STRING_CATALOGS = YES;
				MTL_ENABLE_DEBUG_INFO = INCLUDE_SOURCE;
				MTL_FAST_MATH = YES;
				ONLY_ACTIVE_ARCH = YES;
				SDKROOT = iphoneos;
				SWIFT_ACTIVE_COMPILATION_CONDITIONS = "DEBUG $(inherited)";
				SWIFT_OPTIMIZATION_LEVEL = "-Onone";
			};
			name = Debug;
		};
		CC55BF5F2BC9028E003C3E15 /* Release */ = {
			isa = XCBuildConfiguration;
			buildSettings = {
				ALWAYS_SEARCH_USER_PATHS = NO;
				ASSETCATALOG_COMPILER_GENERATE_SWIFT_ASSET_SYMBOL_EXTENSIONS = YES;
				CLANG_ANALYZER_NONNULL = YES;
				CLANG_ANALYZER_NUMBER_OBJECT_CONVERSION = YES_AGGRESSIVE;
				CLANG_CXX_LANGUAGE_STANDARD = "gnu++20";
				CLANG_ENABLE_MODULES = YES;
				CLANG_ENABLE_OBJC_ARC = YES;
				CLANG_ENABLE_OBJC_WEAK = YES;
				CLANG_WARN_BLOCK_CAPTURE_AUTORELEASING = YES;
				CLANG_WARN_BOOL_CONVERSION = YES;
				CLANG_WARN_COMMA = YES;
				CLANG_WARN_CONSTANT_CONVERSION = YES;
				CLANG_WARN_DEPRECATED_OBJC_IMPLEMENTATIONS = YES;
				CLANG_WARN_DIRECT_OBJC_ISA_USAGE = YES_ERROR;
				CLANG_WARN_DOCUMENTATION_COMMENTS = YES;
				CLANG_WARN_EMPTY_BODY = YES;
				CLANG_WARN_ENUM_CONVERSION = YES;
				CLANG_WARN_INFINITE_RECURSION = YES;
				CLANG_WARN_INT_CONVERSION = YES;
				CLANG_WARN_NON_LITERAL_NULL_CONVERSION = YES;
				CLANG_WARN_OBJC_IMPLICIT_RETAIN_SELF = YES;
				CLANG_WARN_OBJC_LITERAL_CONVERSION = YES;
				CLANG_WARN_OBJC_ROOT_CLASS = YES_ERROR;
				CLANG_WARN_QUOTED_INCLUDE_IN_FRAMEWORK_HEADER = YES;
				CLANG_WARN_RANGE_LOOP_ANALYSIS = YES;
				CLANG_WARN_STRICT_PROTOTYPES = YES;
				CLANG_WARN_SUSPICIOUS_MOVE = YES;
				CLANG_WARN_UNGUARDED_AVAILABILITY = YES_AGGRESSIVE;
				CLANG_WARN_UNREACHABLE_CODE = YES;
				CLANG_WARN__DUPLICATE_METHOD_MATCH = YES;
				COPY_PHASE_STRIP = NO;
				DEBUG_INFORMATION_FORMAT = "dwarf-with-dsym";
				ENABLE_NS_ASSERTIONS = NO;
				ENABLE_STRICT_OBJC_MSGSEND = YES;
				ENABLE_USER_SCRIPT_SANDBOXING = YES;
				GCC_C_LANGUAGE_STANDARD = gnu17;
				GCC_NO_COMMON_BLOCKS = YES;
				GCC_WARN_64_TO_32_BIT_CONVERSION = YES;
				GCC_WARN_ABOUT_RETURN_TYPE = YES_ERROR;
				GCC_WARN_UNDECLARED_SELECTOR = YES;
				GCC_WARN_UNINITIALIZED_AUTOS = YES_AGGRESSIVE;
				GCC_WARN_UNUSED_FUNCTION = YES;
				GCC_WARN_UNUSED_VARIABLE = YES;
				IPHONEOS_DEPLOYMENT_TARGET = 17.2;
				LOCALIZATION_PREFERS_STRING_CATALOGS = YES;
				MTL_ENABLE_DEBUG_INFO = NO;
				MTL_FAST_MATH = YES;
				SDKROOT = iphoneos;
				SWIFT_COMPILATION_MODE = wholemodule;
				VALIDATE_PRODUCT = YES;
			};
			name = Release;
		};
		CC55BF612BC9028E003C3E15 /* Debug */ = {
			isa = XCBuildConfiguration;
			buildSettings = {
				ASSETCATALOG_COMPILER_APPICON_NAME = AppIcon;
				ASSETCATALOG_COMPILER_GLOBAL_ACCENT_COLOR_NAME = AccentColor;
				CODE_SIGN_STYLE = Automatic;
				CURRENT_PROJECT_VERSION = 1;
				GENERATE_INFOPLIST_FILE = YES;
				INFOPLIST_FILE = ArigatouApp/Info.plist;
				INFOPLIST_KEY_UIApplicationSupportsIndirectInputEvents = YES;
				INFOPLIST_KEY_UILaunchStoryboardName = LaunchScreen;
				INFOPLIST_KEY_UIMainStoryboardFile = Main;
				INFOPLIST_KEY_UISupportedInterfaceOrientations_iPad = "UIInterfaceOrientationPortrait UIInterfaceOrientationPortraitUpsideDown UIInterfaceOrientationLandscapeLeft UIInterfaceOrientationLandscapeRight";
				INFOPLIST_KEY_UISupportedInterfaceOrientations_iPhone = "UIInterfaceOrientationPortrait UIInterfaceOrientationLandscapeLeft UIInterfaceOrientationLandscapeRight";
				LD_RUNPATH_SEARCH_PATHS = (
					"$(inherited)",
					"@executable_path/Frameworks",
				);
				MARKETING_VERSION = 1.0;
				PRODUCT_BUNDLE_IDENTIFIER = com.tanaka.ArigatouApp;
				PRODUCT_NAME = "$(TARGET_NAME)";
				SWIFT_EMIT_LOC_STRINGS = YES;
				SWIFT_VERSION = 5.0;
				TARGETED_DEVICE_FAMILY = "1,2";
			};
			name = Debug;
		};
		CC55BF622BC9028E003C3E15 /* Release */ = {
			isa = XCBuildConfiguration;
			buildSettings = {
				ASSETCATALOG_COMPILER_APPICON_NAME = AppIcon;
				ASSETCATALOG_COMPILER_GLOBAL_ACCENT_COLOR_NAME = AccentColor;
				CODE_SIGN_STYLE = Automatic;
				CURRENT_PROJECT_VERSION = 1;
				GENERATE_INFOPLIST_FILE = YES;
				INFOPLIST_FILE = ArigatouApp/Info.plist;
				INFOPLIST_KEY_UIApplicationSupportsIndirectInputEvents = YES;
				INFOPLIST_KEY_UILaunchStoryboardName = LaunchScreen;
				INFOPLIST_KEY_UIMainStoryboardFile = Main;
				INFOPLIST_KEY_UISupportedInterfaceOrientations_iPad = "UIInterfaceOrientationPortrait UIInterfaceOrientationPortraitUpsideDown UIInterfaceOrientationLandscapeLeft UIInterfaceOrientationLandscapeRight";
				INFOPLIST_KEY_UISupportedInterfaceOrientations_iPhone = "UIInterfaceOrientationPortrait UIInterfaceOrientationLandscapeLeft UIInterfaceOrientationLandscapeRight";
				LD_RUNPATH_SEARCH_PATHS = (
					"$(inherited)",
					"@executable_path/Frameworks",
				);
				MARKETING_VERSION = 1.0;
				PRODUCT_BUNDLE_IDENTIFIER = com.tanaka.ArigatouApp;
				PRODUCT_NAME = "$(TARGET_NAME)";
				SWIFT_EMIT_LOC_STRINGS = YES;
				SWIFT_VERSION = 5.0;
				TARGETED_DEVICE_FAMILY = "1,2";
			};
			name = Release;
		};
/* End XCBuildConfiguration section */

/* Begin XCConfigurationList section */
		CC55BF472BC9028D003C3E15 /* Build configuration list for PBXProject "ArigatouApp" */ = {
			isa = XCConfigurationList;
			buildConfigurations = (
				CC55BF5E2BC9028E003C3E15 /* Debug */,
				CC55BF5F2BC9028E003C3E15 /* Release */,
			);
			defaultConfigurationIsVisible = 0;
			defaultConfigurationName = Release;
		};
		CC55BF602BC9028E003C3E15 /* Build configuration list for PBXNativeTarget "ArigatouApp" */ = {
			isa = XCConfigurationList;
			buildConfigurations = (
				CC55BF612BC9028E003C3E15 /* Debug */,
				CC55BF622BC9028E003C3E15 /* Release */,
			);
			defaultConfigurationIsVisible = 0;
			defaultConfigurationName = Release;
		};
/* End XCConfigurationList section */
	};
	rootObject = CC55BF442BC9028D003C3E15 /* Project object */;
}
