// !$*UTF8*$!
{
	archiveVersion = 1;
	classes = {
	};
	objectVersion = 56;
	objects = {

/* Begin PBXBuildFile section */
		CC209D282BD47EB10069E2E4 /* MatchCountManager.swift in Sources */ = {isa = PBXBuildFile; fileRef = CC209D272BD47EB10069E2E4 /* MatchCountManager.swift */; };
		CC209D2A2BD47ED20069E2E4 /* MatchCountRepository.swift in Sources */ = {isa = PBXBuildFile; fileRef = CC209D292BD47ED20069E2E4 /* MatchCountRepository.swift */; };
		CC209D2C2BD47EED0069E2E4 /* UserDefaultsManager.swift in Sources */ = {isa = PBXBuildFile; fileRef = CC209D2B2BD47EED0069E2E4 /* UserDefaultsManager.swift */; };
		CC55BF502BC9028D003C3E15 /* AppDelegate.swift in Sources */ = {isa = PBXBuildFile; fileRef = CC55BF4F2BC9028D003C3E15 /* AppDelegate.swift */; };
		CC55BF522BC9028D003C3E15 /* SceneDelegate.swift in Sources */ = {isa = PBXBuildFile; fileRef = CC55BF512BC9028D003C3E15 /* SceneDelegate.swift */; };
		CC55BF542BC9028D003C3E15 /* HomeViewController.swift in Sources */ = {isa = PBXBuildFile; fileRef = CC55BF532BC9028D003C3E15 /* HomeViewController.swift */; };
		CC55BF592BC9028E003C3E15 /* Assets.xcassets in Resources */ = {isa = PBXBuildFile; fileRef = CC55BF582BC9028E003C3E15 /* Assets.xcassets */; };
		CC55BF5C2BC9028E003C3E15 /* LaunchScreen.storyboard in Resources */ = {isa = PBXBuildFile; fileRef = CC55BF5A2BC9028E003C3E15 /* LaunchScreen.storyboard */; };
		CC55BF652BC90301003C3E15 /* HomePresenter.swift in Sources */ = {isa = PBXBuildFile; fileRef = CC55BF642BC90301003C3E15 /* HomePresenter.swift */; };
		CC55BFF72BCE9C2D003C3E15 /* HomePresenterTests.swift in Sources */ = {isa = PBXBuildFile; fileRef = CC55BFF62BCE9C2D003C3E15 /* HomePresenterTests.swift */; };
		CC55BFFE2BCF93C3003C3E15 /* cosmos-640.jpg in Resources */ = {isa = PBXBuildFile; fileRef = CC55BFFD2BCF93C3003C3E15 /* cosmos-640.jpg */; };
		CC55C0002BCF96D3003C3E15 /* cosmos-1920.jpg in Resources */ = {isa = PBXBuildFile; fileRef = CC55BFFF2BCF96D3003C3E15 /* cosmos-1920.jpg */; };
		CCA1F9DC2C001165008DCF70 /* SignupPresenter.swift in Sources */ = {isa = PBXBuildFile; fileRef = CCA1F9DB2C001165008DCF70 /* SignupPresenter.swift */; };
		CCA1F9DE2C0046BA008DCF70 /* ValidationPresenter.swift in Sources */ = {isa = PBXBuildFile; fileRef = CCA1F9DD2C0046BA008DCF70 /* ValidationPresenter.swift */; };
		CCA1F9E02C006731008DCF70 /* SignupViewController.swift in Sources */ = {isa = PBXBuildFile; fileRef = CCA1F9DF2C006731008DCF70 /* SignupViewController.swift */; };
		CCA1F9E22C016A4F008DCF70 /* FirebaseDatabase in Frameworks */ = {isa = PBXBuildFile; productRef = CCA1F9E12C016A4F008DCF70 /* FirebaseDatabase */; };
		CCA1F9E42C016AC6008DCF70 /* RealtimeDBMatchCountRepository.swift in Sources */ = {isa = PBXBuildFile; fileRef = CCA1F9E32C016AC6008DCF70 /* RealtimeDBMatchCountRepository.swift */; };
		CCA1F9E82C04A831008DCF70 /* GoogleService-Info.plist in Resources */ = {isa = PBXBuildFile; fileRef = CCA1F9E72C04A831008DCF70 /* GoogleService-Info.plist */; };
		CCA1F9E92C04A831008DCF70 /* GoogleService-Info.plist in Resources */ = {isa = PBXBuildFile; fileRef = CCA1F9E72C04A831008DCF70 /* GoogleService-Info.plist */; };
		CCA1F9EB2C0548E4008DCF70 /* SynchronizedViewController.swift in Sources */ = {isa = PBXBuildFile; fileRef = CCA1F9EA2C0548E4008DCF70 /* SynchronizedViewController.swift */; };
		CCA1F9ED2C054BAB008DCF70 /* SynchronizedPresenter.swift in Sources */ = {isa = PBXBuildFile; fileRef = CCA1F9EC2C054BAB008DCF70 /* SynchronizedPresenter.swift */; };
		CCA1F9EF2C059D74008DCF70 /* MatchCount.swift in Sources */ = {isa = PBXBuildFile; fileRef = CCA1F9EE2C059D74008DCF70 /* MatchCount.swift */; };
		CCA1F9F12C06BE75008DCF70 /* videos.json in Resources */ = {isa = PBXBuildFile; fileRef = CCA1F9F02C06BE75008DCF70 /* videos.json */; };
		CCA1F9F22C06BE75008DCF70 /* videos.json in Resources */ = {isa = PBXBuildFile; fileRef = CCA1F9F02C06BE75008DCF70 /* videos.json */; };
		CCAA463B2BEC99AA00FBF22D /* Develop_Provisioning_Profile.mobileprovision in Resources */ = {isa = PBXBuildFile; fileRef = CCAA463A2BEC99AA00FBF22D /* Develop_Provisioning_Profile.mobileprovision */; };
		CCAA463C2BEC99AA00FBF22D /* Develop_Provisioning_Profile.mobileprovision in Resources */ = {isa = PBXBuildFile; fileRef = CCAA463A2BEC99AA00FBF22D /* Develop_Provisioning_Profile.mobileprovision */; };
		CCDEAD292BDB1CCE0096704A /* LoginViewController.swift in Sources */ = {isa = PBXBuildFile; fileRef = CCDEAD282BDB1CCE0096704A /* LoginViewController.swift */; };
		CCDEADCE2BE224ED0096704A /* AppStore_ProvisioningProfile.mobileprovision in Resources */ = {isa = PBXBuildFile; fileRef = CCDEADCD2BE224ED0096704A /* AppStore_ProvisioningProfile.mobileprovision */; };
		CCDEADF32BE44A160096704A /* MicImageView.swift in Sources */ = {isa = PBXBuildFile; fileRef = CCDEADF22BE44A160096704A /* MicImageView.swift */; };
		CCDEAE152BE514630096704A /* NaviMenuTableView.swift in Sources */ = {isa = PBXBuildFile; fileRef = CCDEAE142BE514630096704A /* NaviMenuTableView.swift */; };
		CCDEAE172BE6BD350096704A /* Validator.swift in Sources */ = {isa = PBXBuildFile; fileRef = CCDEAE162BE6BD350096704A /* Validator.swift */; };
		CCDEAE192BE6BE330096704A /* LoginPresenter.swift in Sources */ = {isa = PBXBuildFile; fileRef = CCDEAE182BE6BE330096704A /* LoginPresenter.swift */; };
		CCDEAE202BE866270096704A /* FirebaseAuth in Frameworks */ = {isa = PBXBuildFile; productRef = CCDEAE1F2BE866270096704A /* FirebaseAuth */; };
		CCDEAE222BE866270096704A /* FirebaseFirestore in Frameworks */ = {isa = PBXBuildFile; productRef = CCDEAE212BE866270096704A /* FirebaseFirestore */; };
		CCDEAE242BE89D430096704A /* FirebaseFirestoreSwift in Frameworks */ = {isa = PBXBuildFile; productRef = CCDEAE232BE89D430096704A /* FirebaseFirestoreSwift */; };
		CCFB7DD52BED9C1300C4617A /* AuthManager.swift in Sources */ = {isa = PBXBuildFile; fileRef = CCFB7DD42BED9C1300C4617A /* AuthManager.swift */; };
		CCFB7DD72BF17A8300C4617A /* VideoList.swift in Sources */ = {isa = PBXBuildFile; fileRef = CCFB7DD62BF17A8300C4617A /* VideoList.swift */; };
		CCFB7E142BF18D6F00C4617A /* NetworkManager.swift in Sources */ = {isa = PBXBuildFile; fileRef = CCFB7E132BF18D6F00C4617A /* NetworkManager.swift */; };
		CCFB7E3C2BFB1AF600C4617A /* Alert.swift in Sources */ = {isa = PBXBuildFile; fileRef = CCFB7E3B2BFB1AF600C4617A /* Alert.swift */; };
/* End PBXBuildFile section */

/* Begin PBXContainerItemProxy section */
		CC55BFF82BCE9C2D003C3E15 /* PBXContainerItemProxy */ = {
			isa = PBXContainerItemProxy;
			containerPortal = CC55BF442BC9028D003C3E15 /* Project object */;
			proxyType = 1;
			remoteGlobalIDString = CC55BF4B2BC9028D003C3E15;
			remoteInfo = ArigatouApp;
		};
/* End PBXContainerItemProxy section */

/* Begin PBXFileReference section */
		CC209D272BD47EB10069E2E4 /* MatchCountManager.swift */ = {isa = PBXFileReference; lastKnownFileType = sourcecode.swift; path = MatchCountManager.swift; sourceTree = "<group>"; };
		CC209D292BD47ED20069E2E4 /* MatchCountRepository.swift */ = {isa = PBXFileReference; lastKnownFileType = sourcecode.swift; path = MatchCountRepository.swift; sourceTree = "<group>"; };
		CC209D2B2BD47EED0069E2E4 /* UserDefaultsManager.swift */ = {isa = PBXFileReference; lastKnownFileType = sourcecode.swift; path = UserDefaultsManager.swift; sourceTree = "<group>"; };
		CC55BF4C2BC9028D003C3E15 /* ArigatouApp.app */ = {isa = PBXFileReference; explicitFileType = wrapper.application; includeInIndex = 0; path = ArigatouApp.app; sourceTree = BUILT_PRODUCTS_DIR; };
		CC55BF4F2BC9028D003C3E15 /* AppDelegate.swift */ = {isa = PBXFileReference; lastKnownFileType = sourcecode.swift; path = AppDelegate.swift; sourceTree = "<group>"; };
		CC55BF512BC9028D003C3E15 /* SceneDelegate.swift */ = {isa = PBXFileReference; lastKnownFileType = sourcecode.swift; path = SceneDelegate.swift; sourceTree = "<group>"; };
		CC55BF532BC9028D003C3E15 /* HomeViewController.swift */ = {isa = PBXFileReference; lastKnownFileType = sourcecode.swift; path = HomeViewController.swift; sourceTree = "<group>"; };
		CC55BF582BC9028E003C3E15 /* Assets.xcassets */ = {isa = PBXFileReference; lastKnownFileType = folder.assetcatalog; path = Assets.xcassets; sourceTree = "<group>"; };
		CC55BF5B2BC9028E003C3E15 /* Base */ = {isa = PBXFileReference; lastKnownFileType = file.storyboard; name = Base; path = Base.lproj/LaunchScreen.storyboard; sourceTree = "<group>"; };
		CC55BF5D2BC9028E003C3E15 /* Info.plist */ = {isa = PBXFileReference; lastKnownFileType = text.plist.xml; path = Info.plist; sourceTree = "<group>"; };
		CC55BF642BC90301003C3E15 /* HomePresenter.swift */ = {isa = PBXFileReference; lastKnownFileType = sourcecode.swift; path = HomePresenter.swift; sourceTree = "<group>"; };
		CC55BFF42BCE9C2D003C3E15 /* ArigatouAppTests.xctest */ = {isa = PBXFileReference; explicitFileType = wrapper.cfbundle; includeInIndex = 0; path = ArigatouAppTests.xctest; sourceTree = BUILT_PRODUCTS_DIR; };
		CC55BFF62BCE9C2D003C3E15 /* HomePresenterTests.swift */ = {isa = PBXFileReference; lastKnownFileType = sourcecode.swift; path = HomePresenterTests.swift; sourceTree = "<group>"; };
		CC55BFFD2BCF93C3003C3E15 /* cosmos-640.jpg */ = {isa = PBXFileReference; lastKnownFileType = image.jpeg; path = "cosmos-640.jpg"; sourceTree = "<group>"; };
		CC55BFFF2BCF96D3003C3E15 /* cosmos-1920.jpg */ = {isa = PBXFileReference; lastKnownFileType = image.jpeg; path = "cosmos-1920.jpg"; sourceTree = "<group>"; };
		CCA1F9DB2C001165008DCF70 /* SignupPresenter.swift */ = {isa = PBXFileReference; lastKnownFileType = sourcecode.swift; path = SignupPresenter.swift; sourceTree = "<group>"; };
		CCA1F9DD2C0046BA008DCF70 /* ValidationPresenter.swift */ = {isa = PBXFileReference; lastKnownFileType = sourcecode.swift; path = ValidationPresenter.swift; sourceTree = "<group>"; };
		CCA1F9DF2C006731008DCF70 /* SignupViewController.swift */ = {isa = PBXFileReference; lastKnownFileType = sourcecode.swift; path = SignupViewController.swift; sourceTree = "<group>"; };
		CCA1F9E32C016AC6008DCF70 /* RealtimeDBMatchCountRepository.swift */ = {isa = PBXFileReference; lastKnownFileType = sourcecode.swift; path = RealtimeDBMatchCountRepository.swift; sourceTree = "<group>"; };
		CCA1F9E72C04A831008DCF70 /* GoogleService-Info.plist */ = {isa = PBXFileReference; fileEncoding = 4; lastKnownFileType = text.plist.xml; path = "GoogleService-Info.plist"; sourceTree = "<group>"; };
		CCA1F9EA2C0548E4008DCF70 /* SynchronizedViewController.swift */ = {isa = PBXFileReference; lastKnownFileType = sourcecode.swift; path = SynchronizedViewController.swift; sourceTree = "<group>"; };
		CCA1F9EC2C054BAB008DCF70 /* SynchronizedPresenter.swift */ = {isa = PBXFileReference; lastKnownFileType = sourcecode.swift; path = SynchronizedPresenter.swift; sourceTree = "<group>"; };
		CCA1F9EE2C059D74008DCF70 /* MatchCount.swift */ = {isa = PBXFileReference; lastKnownFileType = sourcecode.swift; path = MatchCount.swift; sourceTree = "<group>"; };
		CCA1F9F02C06BE75008DCF70 /* videos.json */ = {isa = PBXFileReference; fileEncoding = 4; lastKnownFileType = text.json; path = videos.json; sourceTree = "<group>"; };
		CCAA463A2BEC99AA00FBF22D /* Develop_Provisioning_Profile.mobileprovision */ = {isa = PBXFileReference; lastKnownFileType = file; path = Develop_Provisioning_Profile.mobileprovision; sourceTree = "<group>"; };
		CCDEAD282BDB1CCE0096704A /* LoginViewController.swift */ = {isa = PBXFileReference; lastKnownFileType = sourcecode.swift; path = LoginViewController.swift; sourceTree = "<group>"; };
		CCDEADCD2BE224ED0096704A /* AppStore_ProvisioningProfile.mobileprovision */ = {isa = PBXFileReference; lastKnownFileType = file; path = AppStore_ProvisioningProfile.mobileprovision; sourceTree = "<group>"; };
		CCDEADF22BE44A160096704A /* MicImageView.swift */ = {isa = PBXFileReference; lastKnownFileType = sourcecode.swift; path = MicImageView.swift; sourceTree = "<group>"; };
		CCDEAE142BE514630096704A /* NaviMenuTableView.swift */ = {isa = PBXFileReference; lastKnownFileType = sourcecode.swift; path = NaviMenuTableView.swift; sourceTree = "<group>"; };
		CCDEAE162BE6BD350096704A /* Validator.swift */ = {isa = PBXFileReference; lastKnownFileType = sourcecode.swift; path = Validator.swift; sourceTree = "<group>"; };
		CCDEAE182BE6BE330096704A /* LoginPresenter.swift */ = {isa = PBXFileReference; lastKnownFileType = sourcecode.swift; path = LoginPresenter.swift; sourceTree = "<group>"; };
		CCFB7DD42BED9C1300C4617A /* AuthManager.swift */ = {isa = PBXFileReference; lastKnownFileType = sourcecode.swift; path = AuthManager.swift; sourceTree = "<group>"; };
		CCFB7DD62BF17A8300C4617A /* VideoList.swift */ = {isa = PBXFileReference; lastKnownFileType = sourcecode.swift; path = VideoList.swift; sourceTree = "<group>"; };
		CCFB7E132BF18D6F00C4617A /* NetworkManager.swift */ = {isa = PBXFileReference; lastKnownFileType = sourcecode.swift; path = NetworkManager.swift; sourceTree = "<group>"; };
		CCFB7E3B2BFB1AF600C4617A /* Alert.swift */ = {isa = PBXFileReference; lastKnownFileType = sourcecode.swift; path = Alert.swift; sourceTree = "<group>"; };
/* End PBXFileReference section */

/* Begin PBXFrameworksBuildPhase section */
		CC55BF492BC9028D003C3E15 /* Frameworks */ = {
			isa = PBXFrameworksBuildPhase;
			buildActionMask = 2147483647;
			files = (
				CCDEAE202BE866270096704A /* FirebaseAuth in Frameworks */,
				CCDEAE222BE866270096704A /* FirebaseFirestore in Frameworks */,
				CCA1F9E22C016A4F008DCF70 /* FirebaseDatabase in Frameworks */,
				CCDEAE242BE89D430096704A /* FirebaseFirestoreSwift in Frameworks */,
			);
			runOnlyForDeploymentPostprocessing = 0;
		};
		CC55BFF12BCE9C2D003C3E15 /* Frameworks */ = {
			isa = PBXFrameworksBuildPhase;
			buildActionMask = 2147483647;
			files = (
			);
			runOnlyForDeploymentPostprocessing = 0;
		};
/* End PBXFrameworksBuildPhase section */

/* Begin PBXGroup section */
		CC209D242BD47E5F0069E2E4 /* Model */ = {
			isa = PBXGroup;
			children = (
				CCA1F9EE2C059D74008DCF70 /* MatchCount.swift */,
				CC209D292BD47ED20069E2E4 /* MatchCountRepository.swift */,
				CC209D272BD47EB10069E2E4 /* MatchCountManager.swift */,
				CCA1F9E32C016AC6008DCF70 /* RealtimeDBMatchCountRepository.swift */,
				CCDEAE162BE6BD350096704A /* Validator.swift */,
				CCFB7DD42BED9C1300C4617A /* AuthManager.swift */,
				CCFB7DD62BF17A8300C4617A /* VideoList.swift */,
				CCFB7E132BF18D6F00C4617A /* NetworkManager.swift */,
				CC209D2B2BD47EED0069E2E4 /* UserDefaultsManager.swift */,
			);
			path = Model;
			sourceTree = "<group>";
		};
		CC55BF432BC9028D003C3E15 = {
			isa = PBXGroup;
			children = (
				CCAA463A2BEC99AA00FBF22D /* Develop_Provisioning_Profile.mobileprovision */,
				CCDEADCD2BE224ED0096704A /* AppStore_ProvisioningProfile.mobileprovision */,
				CCA1F9E72C04A831008DCF70 /* GoogleService-Info.plist */,
				CC55BF4E2BC9028D003C3E15 /* ArigatouApp */,
				CC55BFF52BCE9C2D003C3E15 /* ArigatouAppTests */,
				CC55BF4D2BC9028D003C3E15 /* Products */,
			);
			sourceTree = "<group>";
		};
		CC55BF4D2BC9028D003C3E15 /* Products */ = {
			isa = PBXGroup;
			children = (
				CC55BF4C2BC9028D003C3E15 /* ArigatouApp.app */,
				CC55BFF42BCE9C2D003C3E15 /* ArigatouAppTests.xctest */,
			);
			name = Products;
			sourceTree = "<group>";
		};
		CC55BF4E2BC9028D003C3E15 /* ArigatouApp */ = {
			isa = PBXGroup;
			children = (
				CC55BF6B2BC9F23A003C3E15 /* Resource */,
				CC209D242BD47E5F0069E2E4 /* Model */,
				CC55BF662BC90347003C3E15 /* View */,
				CC55BF632BC902E4003C3E15 /* Presenter */,
				CC55BF4F2BC9028D003C3E15 /* AppDelegate.swift */,
				CC55BF512BC9028D003C3E15 /* SceneDelegate.swift */,
				CC55BF5A2BC9028E003C3E15 /* LaunchScreen.storyboard */,
				CC55BF5D2BC9028E003C3E15 /* Info.plist */,
			);
			path = ArigatouApp;
			sourceTree = "<group>";
		};
		CC55BF632BC902E4003C3E15 /* Presenter */ = {
			isa = PBXGroup;
			children = (
				CC55BF642BC90301003C3E15 /* HomePresenter.swift */,
				CCA1F9EC2C054BAB008DCF70 /* SynchronizedPresenter.swift */,
				CCDEAE182BE6BE330096704A /* LoginPresenter.swift */,
				CCA1F9DB2C001165008DCF70 /* SignupPresenter.swift */,
				CCA1F9DD2C0046BA008DCF70 /* ValidationPresenter.swift */,
			);
			path = Presenter;
			sourceTree = "<group>";
		};
		CC55BF662BC90347003C3E15 /* View */ = {
			isa = PBXGroup;
			children = (
				CC55BF532BC9028D003C3E15 /* HomeViewController.swift */,
				CCA1F9EA2C0548E4008DCF70 /* SynchronizedViewController.swift */,
				CCA1F9DF2C006731008DCF70 /* SignupViewController.swift */,
				CCDEAD282BDB1CCE0096704A /* LoginViewController.swift */,
				CCDEADF22BE44A160096704A /* MicImageView.swift */,
				CCDEAE142BE514630096704A /* NaviMenuTableView.swift */,
				CCFB7E3B2BFB1AF600C4617A /* Alert.swift */,
			);
			path = View;
			sourceTree = "<group>";
		};
		CC55BF6B2BC9F23A003C3E15 /* Resource */ = {
			isa = PBXGroup;
			children = (
				CCA1F9F02C06BE75008DCF70 /* videos.json */,
				CC55BFFD2BCF93C3003C3E15 /* cosmos-640.jpg */,
				CC55BFFF2BCF96D3003C3E15 /* cosmos-1920.jpg */,
				CC55BF582BC9028E003C3E15 /* Assets.xcassets */,
			);
			path = Resource;
			sourceTree = "<group>";
		};
		CC55BFF52BCE9C2D003C3E15 /* ArigatouAppTests */ = {
			isa = PBXGroup;
			children = (
				CC55BFF62BCE9C2D003C3E15 /* HomePresenterTests.swift */,
			);
			path = ArigatouAppTests;
			sourceTree = "<group>";
		};
/* End PBXGroup section */

/* Begin PBXNativeTarget section */
		CC55BF4B2BC9028D003C3E15 /* ArigatouApp */ = {
			isa = PBXNativeTarget;
			buildConfigurationList = CC55BF602BC9028E003C3E15 /* Build configuration list for PBXNativeTarget "ArigatouApp" */;
			buildPhases = (
				CC55BF482BC9028D003C3E15 /* Sources */,
				CC55BF492BC9028D003C3E15 /* Frameworks */,
				CC55BF4A2BC9028D003C3E15 /* Resources */,
			);
			buildRules = (
			);
			dependencies = (
			);
			name = ArigatouApp;
			packageProductDependencies = (
				CCDEAE1F2BE866270096704A /* FirebaseAuth */,
				CCDEAE212BE866270096704A /* FirebaseFirestore */,
				CCDEAE232BE89D430096704A /* FirebaseFirestoreSwift */,
				CCA1F9E12C016A4F008DCF70 /* FirebaseDatabase */,
			);
			productName = ArigatouApp;
			productReference = CC55BF4C2BC9028D003C3E15 /* ArigatouApp.app */;
			productType = "com.apple.product-type.application";
		};
		CC55BFF32BCE9C2D003C3E15 /* ArigatouAppTests */ = {
			isa = PBXNativeTarget;
			buildConfigurationList = CC55BFFC2BCE9C2D003C3E15 /* Build configuration list for PBXNativeTarget "ArigatouAppTests" */;
			buildPhases = (
				CC55BFF02BCE9C2D003C3E15 /* Sources */,
				CC55BFF12BCE9C2D003C3E15 /* Frameworks */,
				CC55BFF22BCE9C2D003C3E15 /* Resources */,
			);
			buildRules = (
			);
			dependencies = (
				CC55BFF92BCE9C2D003C3E15 /* PBXTargetDependency */,
			);
			name = ArigatouAppTests;
			productName = ArigatouAppTests;
			productReference = CC55BFF42BCE9C2D003C3E15 /* ArigatouAppTests.xctest */;
			productType = "com.apple.product-type.bundle.unit-test";
		};
/* End PBXNativeTarget section */

/* Begin PBXProject section */
		CC55BF442BC9028D003C3E15 /* Project object */ = {
			isa = PBXProject;
			attributes = {
				BuildIndependentTargetsInParallel = 1;
				LastSwiftUpdateCheck = 1510;
				LastUpgradeCheck = 1510;
				TargetAttributes = {
					CC55BF4B2BC9028D003C3E15 = {
						CreatedOnToolsVersion = 15.1;
					};
					CC55BFF32BCE9C2D003C3E15 = {
						CreatedOnToolsVersion = 15.1;
						TestTargetID = CC55BF4B2BC9028D003C3E15;
					};
				};
			};
			buildConfigurationList = CC55BF472BC9028D003C3E15 /* Build configuration list for PBXProject "ArigatouApp" */;
			compatibilityVersion = "Xcode 14.0";
			developmentRegion = en;
			hasScannedForEncodings = 0;
			knownRegions = (
				en,
				Base,
			);
			mainGroup = CC55BF432BC9028D003C3E15;
			packageReferences = (
				CCDEAE1E2BE866270096704A /* XCRemoteSwiftPackageReference "firebase-ios-sdk" */,
			);
			productRefGroup = CC55BF4D2BC9028D003C3E15 /* Products */;
			projectDirPath = "";
			projectRoot = "";
			targets = (
				CC55BF4B2BC9028D003C3E15 /* ArigatouApp */,
				CC55BFF32BCE9C2D003C3E15 /* ArigatouAppTests */,
			);
		};
/* End PBXProject section */

/* Begin PBXResourcesBuildPhase section */
		CC55BF4A2BC9028D003C3E15 /* Resources */ = {
			isa = PBXResourcesBuildPhase;
			buildActionMask = 2147483647;
			files = (
				CC55BF5C2BC9028E003C3E15 /* LaunchScreen.storyboard in Resources */,
				CCA1F9E82C04A831008DCF70 /* GoogleService-Info.plist in Resources */,
				CC55BF592BC9028E003C3E15 /* Assets.xcassets in Resources */,
				CC55BFFE2BCF93C3003C3E15 /* cosmos-640.jpg in Resources */,
				CCAA463B2BEC99AA00FBF22D /* Develop_Provisioning_Profile.mobileprovision in Resources */,
				CCA1F9F12C06BE75008DCF70 /* videos.json in Resources */,
				CCDEADCE2BE224ED0096704A /* AppStore_ProvisioningProfile.mobileprovision in Resources */,
				CC55C0002BCF96D3003C3E15 /* cosmos-1920.jpg in Resources */,
			);
			runOnlyForDeploymentPostprocessing = 0;
		};
		CC55BFF22BCE9C2D003C3E15 /* Resources */ = {
			isa = PBXResourcesBuildPhase;
			buildActionMask = 2147483647;
			files = (
				CCAA463C2BEC99AA00FBF22D /* Develop_Provisioning_Profile.mobileprovision in Resources */,
				CCA1F9E92C04A831008DCF70 /* GoogleService-Info.plist in Resources */,
				CCA1F9F22C06BE75008DCF70 /* videos.json in Resources */,
			);
			runOnlyForDeploymentPostprocessing = 0;
		};
/* End PBXResourcesBuildPhase section */

/* Begin PBXSourcesBuildPhase section */
		CC55BF482BC9028D003C3E15 /* Sources */ = {
			isa = PBXSourcesBuildPhase;
			buildActionMask = 2147483647;
			files = (
				CCA1F9ED2C054BAB008DCF70 /* SynchronizedPresenter.swift in Sources */,
				CCA1F9E42C016AC6008DCF70 /* RealtimeDBMatchCountRepository.swift in Sources */,
				CCFB7DD72BF17A8300C4617A /* VideoList.swift in Sources */,
				CC55BF652BC90301003C3E15 /* HomePresenter.swift in Sources */,
				CCA1F9E02C006731008DCF70 /* SignupViewController.swift in Sources */,
				CCA1F9EB2C0548E4008DCF70 /* SynchronizedViewController.swift in Sources */,
				CCA1F9EF2C059D74008DCF70 /* MatchCount.swift in Sources */,
				CCFB7E142BF18D6F00C4617A /* NetworkManager.swift in Sources */,
				CCFB7E3C2BFB1AF600C4617A /* Alert.swift in Sources */,
				CCFB7DD52BED9C1300C4617A /* AuthManager.swift in Sources */,
				CC209D282BD47EB10069E2E4 /* MatchCountManager.swift in Sources */,
				CC55BF542BC9028D003C3E15 /* HomeViewController.swift in Sources */,
				CCDEAD292BDB1CCE0096704A /* LoginViewController.swift in Sources */,
				CCA1F9DE2C0046BA008DCF70 /* ValidationPresenter.swift in Sources */,
				CCDEAE172BE6BD350096704A /* Validator.swift in Sources */,
				CCDEADF32BE44A160096704A /* MicImageView.swift in Sources */,
				CC55BF502BC9028D003C3E15 /* AppDelegate.swift in Sources */,
				CCDEAE192BE6BE330096704A /* LoginPresenter.swift in Sources */,
				CC209D2A2BD47ED20069E2E4 /* MatchCountRepository.swift in Sources */,
				CC209D2C2BD47EED0069E2E4 /* UserDefaultsManager.swift in Sources */,
				CC55BF522BC9028D003C3E15 /* SceneDelegate.swift in Sources */,
				CCA1F9DC2C001165008DCF70 /* SignupPresenter.swift in Sources */,
				CCDEAE152BE514630096704A /* NaviMenuTableView.swift in Sources */,
			);
			runOnlyForDeploymentPostprocessing = 0;
		};
		CC55BFF02BCE9C2D003C3E15 /* Sources */ = {
			isa = PBXSourcesBuildPhase;
			buildActionMask = 2147483647;
			files = (
				CC55BFF72BCE9C2D003C3E15 /* HomePresenterTests.swift in Sources */,
			);
			runOnlyForDeploymentPostprocessing = 0;
		};
/* End PBXSourcesBuildPhase section */

/* Begin PBXTargetDependency section */
		CC55BFF92BCE9C2D003C3E15 /* PBXTargetDependency */ = {
			isa = PBXTargetDependency;
			target = CC55BF4B2BC9028D003C3E15 /* ArigatouApp */;
			targetProxy = CC55BFF82BCE9C2D003C3E15 /* PBXContainerItemProxy */;
		};
/* End PBXTargetDependency section */

/* Begin PBXVariantGroup section */
		CC55BF5A2BC9028E003C3E15 /* LaunchScreen.storyboard */ = {
			isa = PBXVariantGroup;
			children = (
				CC55BF5B2BC9028E003C3E15 /* Base */,
			);
			name = LaunchScreen.storyboard;
			sourceTree = "<group>";
		};
/* End PBXVariantGroup section */

/* Begin XCBuildConfiguration section */
		CC55BF5E2BC9028E003C3E15 /* Debug */ = {
			isa = XCBuildConfiguration;
			buildSettings = {
				ALWAYS_SEARCH_USER_PATHS = NO;
				ASSETCATALOG_COMPILER_GENERATE_SWIFT_ASSET_SYMBOL_EXTENSIONS = YES;
				CLANG_ANALYZER_NONNULL = YES;
				CLANG_ANALYZER_NUMBER_OBJECT_CONVERSION = YES_AGGRESSIVE;
				CLANG_CXX_LANGUAGE_STANDARD = "gnu++20";
				CLANG_ENABLE_MODULES = YES;
				CLANG_ENABLE_OBJC_ARC = YES;
				CLANG_ENABLE_OBJC_WEAK = YES;
				CLANG_WARN_BLOCK_CAPTURE_AUTORELEASING = YES;
				CLANG_WARN_BOOL_CONVERSION = YES;
				CLANG_WARN_COMMA = YES;
				CLANG_WARN_CONSTANT_CONVERSION = YES;
				CLANG_WARN_DEPRECATED_OBJC_IMPLEMENTATIONS = YES;
				CLANG_WARN_DIRECT_OBJC_ISA_USAGE = YES_ERROR;
				CLANG_WARN_DOCUMENTATION_COMMENTS = YES;
				CLANG_WARN_EMPTY_BODY = YES;
				CLANG_WARN_ENUM_CONVERSION = YES;
				CLANG_WARN_INFINITE_RECURSION = YES;
				CLANG_WARN_INT_CONVERSION = YES;
				CLANG_WARN_NON_LITERAL_NULL_CONVERSION = YES;
				CLANG_WARN_OBJC_IMPLICIT_RETAIN_SELF = YES;
				CLANG_WARN_OBJC_LITERAL_CONVERSION = YES;
				CLANG_WARN_OBJC_ROOT_CLASS = YES_ERROR;
				CLANG_WARN_QUOTED_INCLUDE_IN_FRAMEWORK_HEADER = YES;
				CLANG_WARN_RANGE_LOOP_ANALYSIS = YES;
				CLANG_WARN_STRICT_PROTOTYPES = YES;
				CLANG_WARN_SUSPICIOUS_MOVE = YES;
				CLANG_WARN_UNGUARDED_AVAILABILITY = YES_AGGRESSIVE;
				CLANG_WARN_UNREACHABLE_CODE = YES;
				CLANG_WARN__DUPLICATE_METHOD_MATCH = YES;
				COPY_PHASE_STRIP = NO;
				DEBUG_INFORMATION_FORMAT = dwarf;
				ENABLE_STRICT_OBJC_MSGSEND = YES;
				ENABLE_TESTABILITY = YES;
				ENABLE_USER_SCRIPT_SANDBOXING = YES;
				GCC_C_LANGUAGE_STANDARD = gnu17;
				GCC_DYNAMIC_NO_PIC = NO;
				GCC_NO_COMMON_BLOCKS = YES;
				GCC_OPTIMIZATION_LEVEL = 0;
				GCC_PREPROCESSOR_DEFINITIONS = (
					"DEBUG=1",
					"$(inherited)",
				);
				GCC_WARN_64_TO_32_BIT_CONVERSION = YES;
				GCC_WARN_ABOUT_RETURN_TYPE = YES_ERROR;
				GCC_WARN_UNDECLARED_SELECTOR = YES;
				GCC_WARN_UNINITIALIZED_AUTOS = YES_AGGRESSIVE;
				GCC_WARN_UNUSED_FUNCTION = YES;
				GCC_WARN_UNUSED_VARIABLE = YES;
				IPHONEOS_DEPLOYMENT_TARGET = 17.2;
				LOCALIZATION_PREFERS_STRING_CATALOGS = YES;
				MTL_ENABLE_DEBUG_INFO = INCLUDE_SOURCE;
				MTL_FAST_MATH = YES;
				ONLY_ACTIVE_ARCH = YES;
				SDKROOT = iphoneos;
				SWIFT_ACTIVE_COMPILATION_CONDITIONS = "DEBUG $(inherited)";
				SWIFT_OPTIMIZATION_LEVEL = "-Onone";
			};
			name = Debug;
		};
		CC55BF5F2BC9028E003C3E15 /* Release */ = {
			isa = XCBuildConfiguration;
			buildSettings = {
				ALWAYS_SEARCH_USER_PATHS = NO;
				ASSETCATALOG_COMPILER_GENERATE_SWIFT_ASSET_SYMBOL_EXTENSIONS = YES;
				CLANG_ANALYZER_NONNULL = YES;
				CLANG_ANALYZER_NUMBER_OBJECT_CONVERSION = YES_AGGRESSIVE;
				CLANG_CXX_LANGUAGE_STANDARD = "gnu++20";
				CLANG_ENABLE_MODULES = YES;
				CLANG_ENABLE_OBJC_ARC = YES;
				CLANG_ENABLE_OBJC_WEAK = YES;
				CLANG_WARN_BLOCK_CAPTURE_AUTORELEASING = YES;
				CLANG_WARN_BOOL_CONVERSION = YES;
				CLANG_WARN_COMMA = YES;
				CLANG_WARN_CONSTANT_CONVERSION = YES;
				CLANG_WARN_DEPRECATED_OBJC_IMPLEMENTATIONS = YES;
				CLANG_WARN_DIRECT_OBJC_ISA_USAGE = YES_ERROR;
				CLANG_WARN_DOCUMENTATION_COMMENTS = YES;
				CLANG_WARN_EMPTY_BODY = YES;
				CLANG_WARN_ENUM_CONVERSION = YES;
				CLANG_WARN_INFINITE_RECURSION = YES;
				CLANG_WARN_INT_CONVERSION = YES;
				CLANG_WARN_NON_LITERAL_NULL_CONVERSION = YES;
				CLANG_WARN_OBJC_IMPLICIT_RETAIN_SELF = YES;
				CLANG_WARN_OBJC_LITERAL_CONVERSION = YES;
				CLANG_WARN_OBJC_ROOT_CLASS = YES_ERROR;
				CLANG_WARN_QUOTED_INCLUDE_IN_FRAMEWORK_HEADER = YES;
				CLANG_WARN_RANGE_LOOP_ANALYSIS = YES;
				CLANG_WARN_STRICT_PROTOTYPES = YES;
				CLANG_WARN_SUSPICIOUS_MOVE = YES;
				CLANG_WARN_UNGUARDED_AVAILABILITY = YES_AGGRESSIVE;
				CLANG_WARN_UNREACHABLE_CODE = YES;
				CLANG_WARN__DUPLICATE_METHOD_MATCH = YES;
				COPY_PHASE_STRIP = NO;
				DEBUG_INFORMATION_FORMAT = "dwarf-with-dsym";
				ENABLE_NS_ASSERTIONS = NO;
				ENABLE_STRICT_OBJC_MSGSEND = YES;
				ENABLE_USER_SCRIPT_SANDBOXING = YES;
				GCC_C_LANGUAGE_STANDARD = gnu17;
				GCC_NO_COMMON_BLOCKS = YES;
				GCC_WARN_64_TO_32_BIT_CONVERSION = YES;
				GCC_WARN_ABOUT_RETURN_TYPE = YES_ERROR;
				GCC_WARN_UNDECLARED_SELECTOR = YES;
				GCC_WARN_UNINITIALIZED_AUTOS = YES_AGGRESSIVE;
				GCC_WARN_UNUSED_FUNCTION = YES;
				GCC_WARN_UNUSED_VARIABLE = YES;
				IPHONEOS_DEPLOYMENT_TARGET = 17.2;
				LOCALIZATION_PREFERS_STRING_CATALOGS = YES;
				MTL_ENABLE_DEBUG_INFO = NO;
				MTL_FAST_MATH = YES;
				SDKROOT = iphoneos;
				SWIFT_COMPILATION_MODE = wholemodule;
				VALIDATE_PRODUCT = YES;
			};
			name = Release;
		};
		CC55BF612BC9028E003C3E15 /* Debug */ = {
			isa = XCBuildConfiguration;
			buildSettings = {
				ASSETCATALOG_COMPILER_APPICON_NAME = AppIcon;
				ASSETCATALOG_COMPILER_GLOBAL_ACCENT_COLOR_NAME = AccentColor;
				CODE_SIGN_IDENTITY = "Apple Development: futoshi tanaka (HJ4P3RH3ZB)";
				"CODE_SIGN_IDENTITY[sdk=iphoneos*]" = "Apple Development: futoshi tanaka (HJ4P3RH3ZB)";
				CODE_SIGN_STYLE = Manual;
				CURRENT_PROJECT_VERSION = 1;
				DEVELOPMENT_TEAM = P4V2PFCQ2W;
				"DEVELOPMENT_TEAM[sdk=iphoneos*]" = P4V2PFCQ2W;
				GENERATE_INFOPLIST_FILE = YES;
				INFOPLIST_FILE = ArigatouApp/Info.plist;
				INFOPLIST_KEY_NSMicrophoneUsageDescription = "";
				INFOPLIST_KEY_NSSpeechRecognitionUsageDescription = "";
				INFOPLIST_KEY_UIApplicationSupportsIndirectInputEvents = YES;
				INFOPLIST_KEY_UILaunchStoryboardName = LaunchScreen;
				INFOPLIST_KEY_UISupportedInterfaceOrientations_iPad = "UIInterfaceOrientationPortrait UIInterfaceOrientationPortraitUpsideDown UIInterfaceOrientationLandscapeLeft UIInterfaceOrientationLandscapeRight";
				INFOPLIST_KEY_UISupportedInterfaceOrientations_iPhone = "UIInterfaceOrientationPortrait UIInterfaceOrientationLandscapeLeft UIInterfaceOrientationLandscapeRight";
				LD_RUNPATH_SEARCH_PATHS = (
					"$(inherited)",
					"@executable_path/Frameworks",
				);
				MARKETING_VERSION = 1.0.0;
				PRODUCT_BUNDLE_IDENTIFIER = com.tanaka.ArigatouApp;
				PRODUCT_NAME = "$(TARGET_NAME)";
				PROVISIONING_PROFILE_SPECIFIER = Develop_ProvisioningProfile;
				"PROVISIONING_PROFILE_SPECIFIER[sdk=iphoneos*]" = "Develop Provisioning Profile";
				SWIFT_EMIT_LOC_STRINGS = YES;
				SWIFT_VERSION = 5.0;
				TARGETED_DEVICE_FAMILY = "1,2";
			};
			name = Debug;
		};
		CC55BF622BC9028E003C3E15 /* Release */ = {
			isa = XCBuildConfiguration;
			buildSettings = {
				ASSETCATALOG_COMPILER_APPICON_NAME = AppIcon;
				ASSETCATALOG_COMPILER_GLOBAL_ACCENT_COLOR_NAME = AccentColor;
				CODE_SIGN_IDENTITY = "Apple Distribution: futoshi tanaka (P4V2PFCQ2W)";
				"CODE_SIGN_IDENTITY[sdk=iphoneos*]" = "Apple Distribution: futoshi tanaka (P4V2PFCQ2W)";
				CODE_SIGN_STYLE = Manual;
				CURRENT_PROJECT_VERSION = 1;
				DEVELOPMENT_TEAM = P4V2PFCQ2W;
				"DEVELOPMENT_TEAM[sdk=iphoneos*]" = P4V2PFCQ2W;
				GENERATE_INFOPLIST_FILE = YES;
				INFOPLIST_FILE = ArigatouApp/Info.plist;
				INFOPLIST_KEY_NSMicrophoneUsageDescription = "";
				INFOPLIST_KEY_NSSpeechRecognitionUsageDescription = "";
				INFOPLIST_KEY_UIApplicationSupportsIndirectInputEvents = YES;
				INFOPLIST_KEY_UILaunchStoryboardName = LaunchScreen;
				INFOPLIST_KEY_UISupportedInterfaceOrientations_iPad = "UIInterfaceOrientationPortrait UIInterfaceOrientationPortraitUpsideDown UIInterfaceOrientationLandscapeLeft UIInterfaceOrientationLandscapeRight";
				INFOPLIST_KEY_UISupportedInterfaceOrientations_iPhone = "UIInterfaceOrientationPortrait UIInterfaceOrientationLandscapeLeft UIInterfaceOrientationLandscapeRight";
				LD_RUNPATH_SEARCH_PATHS = (
					"$(inherited)",
					"@executable_path/Frameworks",
				);
				MARKETING_VERSION = 1.0.0;
				PRODUCT_BUNDLE_IDENTIFIER = com.tanaka.ArigatouApp;
				PRODUCT_NAME = "$(TARGET_NAME)";
				PROVISIONING_PROFILE_SPECIFIER = AppStore_ProvisioningProfile;
				"PROVISIONING_PROFILE_SPECIFIER[sdk=iphoneos*]" = AppStore_ProvisioningProfile;
				SWIFT_EMIT_LOC_STRINGS = YES;
				SWIFT_VERSION = 5.0;
				TARGETED_DEVICE_FAMILY = "1,2";
			};
			name = Release;
		};
		CC55BFFA2BCE9C2D003C3E15 /* Debug */ = {
			isa = XCBuildConfiguration;
			buildSettings = {
				BUNDLE_LOADER = "$(TEST_HOST)";
				CODE_SIGN_STYLE = Automatic;
				CURRENT_PROJECT_VERSION = 1;
				DEVELOPMENT_TEAM = P4V2PFCQ2W;
				GENERATE_INFOPLIST_FILE = YES;
				MARKETING_VERSION = 1.0;
				PRODUCT_BUNDLE_IDENTIFIER = com.tanaka.ArigatouAppTests;
				PRODUCT_NAME = "$(TARGET_NAME)";
				SWIFT_EMIT_LOC_STRINGS = NO;
				SWIFT_VERSION = 5.0;
				TARGETED_DEVICE_FAMILY = "1,2";
				TEST_HOST = "$(BUILT_PRODUCTS_DIR)/ArigatouApp.app/$(BUNDLE_EXECUTABLE_FOLDER_PATH)/ArigatouApp";
			};
			name = Debug;
		};
		CC55BFFB2BCE9C2D003C3E15 /* Release */ = {
			isa = XCBuildConfiguration;
			buildSettings = {
				BUNDLE_LOADER = "$(TEST_HOST)";
				CODE_SIGN_STYLE = Automatic;
				CURRENT_PROJECT_VERSION = 1;
				DEVELOPMENT_TEAM = P4V2PFCQ2W;
				GENERATE_INFOPLIST_FILE = YES;
				MARKETING_VERSION = 1.0;
				PRODUCT_BUNDLE_IDENTIFIER = com.tanaka.ArigatouAppTests;
				PRODUCT_NAME = "$(TARGET_NAME)";
				SWIFT_EMIT_LOC_STRINGS = NO;
				SWIFT_VERSION = 5.0;
				TARGETED_DEVICE_FAMILY = "1,2";
				TEST_HOST = "$(BUILT_PRODUCTS_DIR)/ArigatouApp.app/$(BUNDLE_EXECUTABLE_FOLDER_PATH)/ArigatouApp";
			};
			name = Release;
		};
/* End XCBuildConfiguration section */

/* Begin XCConfigurationList section */
		CC55BF472BC9028D003C3E15 /* Build configuration list for PBXProject "ArigatouApp" */ = {
			isa = XCConfigurationList;
			buildConfigurations = (
				CC55BF5E2BC9028E003C3E15 /* Debug */,
				CC55BF5F2BC9028E003C3E15 /* Release */,
			);
			defaultConfigurationIsVisible = 0;
			defaultConfigurationName = Release;
		};
		CC55BF602BC9028E003C3E15 /* Build configuration list for PBXNativeTarget "ArigatouApp" */ = {
			isa = XCConfigurationList;
			buildConfigurations = (
				CC55BF612BC9028E003C3E15 /* Debug */,
				CC55BF622BC9028E003C3E15 /* Release */,
			);
			defaultConfigurationIsVisible = 0;
			defaultConfigurationName = Release;
		};
		CC55BFFC2BCE9C2D003C3E15 /* Build configuration list for PBXNativeTarget "ArigatouAppTests" */ = {
			isa = XCConfigurationList;
			buildConfigurations = (
				CC55BFFA2BCE9C2D003C3E15 /* Debug */,
				CC55BFFB2BCE9C2D003C3E15 /* Release */,
			);
			defaultConfigurationIsVisible = 0;
			defaultConfigurationName = Release;
		};
/* End XCConfigurationList section */

/* Begin XCRemoteSwiftPackageReference section */
		CCDEAE1E2BE866270096704A /* XCRemoteSwiftPackageReference "firebase-ios-sdk" */ = {
			isa = XCRemoteSwiftPackageReference;
			repositoryURL = "https://github.com/firebase/firebase-ios-sdk.git";
			requirement = {
				kind = upToNextMajorVersion;
				minimumVersion = 10.25.0;
			};
		};
/* End XCRemoteSwiftPackageReference section */

/* Begin XCSwiftPackageProductDependency section */
		CCA1F9E12C016A4F008DCF70 /* FirebaseDatabase */ = {
			isa = XCSwiftPackageProductDependency;
			package = CCDEAE1E2BE866270096704A /* XCRemoteSwiftPackageReference "firebase-ios-sdk" */;
			productName = FirebaseDatabase;
		};
		CCDEAE1F2BE866270096704A /* FirebaseAuth */ = {
			isa = XCSwiftPackageProductDependency;
			package = CCDEAE1E2BE866270096704A /* XCRemoteSwiftPackageReference "firebase-ios-sdk" */;
			productName = FirebaseAuth;
		};
		CCDEAE212BE866270096704A /* FirebaseFirestore */ = {
			isa = XCSwiftPackageProductDependency;
			package = CCDEAE1E2BE866270096704A /* XCRemoteSwiftPackageReference "firebase-ios-sdk" */;
			productName = FirebaseFirestore;
		};
		CCDEAE232BE89D430096704A /* FirebaseFirestoreSwift */ = {
			isa = XCSwiftPackageProductDependency;
			package = CCDEAE1E2BE866270096704A /* XCRemoteSwiftPackageReference "firebase-ios-sdk" */;
			productName = FirebaseFirestoreSwift;
		};
/* End XCSwiftPackageProductDependency section */
	};
	rootObject = CC55BF442BC9028D003C3E15 /* Project object */;
}
